
Microsoft Visual Studio Solution File, Format Version 12.00
# Visual Studio Version 16
VisualStudioVersion = 16.0.29230.47
MinimumVisualStudioVersion = 10.0.40219.1
Project("{FAE04EC0-301F-11D3-BF4B-00C04F79EFBC}") = "L1_GitHubTest", "L1_GitHubTest.csproj", "{B29AD344-A5D6-41AC-9630-B45654A4D01E}"
EndProject
Global
	GlobalSection(SolutionConfigurationPlatforms) = preSolution
		Debug|Any CPU = Debug|Any CPU
		Release|Any CPU = Release|Any CPU
	EndGlobalSection
	GlobalSection(ProjectConfigurationPlatforms) = postSolution
		{B29AD344-A5D6-41AC-9630-B45654A4D01E}.Debug|Any CPU.ActiveCfg = Debug|Any CPU
		{B29AD344-A5D6-41AC-9630-B45654A4D01E}.Debug|Any CPU.Build.0 = Debug|Any CPU
		{B29AD344-A5D6-41AC-9630-B45654A4D01E}.Release|Any CPU.ActiveCfg = Release|Any CPU
		{B29AD344-A5D6-41AC-9630-B45654A4D01E}.Release|Any CPU.Build.0 = Release|Any CPU
	EndGlobalSection
	GlobalSection(SolutionProperties) = preSolution
		HideSolutionNode = FALSE
	EndGlobalSection
	GlobalSection(ExtensibilityGlobals) = postSolution
		SolutionGuid = {CE057947-AA39-4978-A49F-7A685F7D1A1B}
	EndGlobalSection
EndGlobal
